
Microsoft Visual Studio Solution File, Format Version 12.00
Project("{FAE04EC0-301F-11D3-BF4B-00C04F79EFBC}") = "ConsoleUI", "ConsoleUI\ConsoleUI.csproj", "{21C620DE-D118-4691-B269-3FEB2E3CF903}"
EndProject
Project("{FAE04EC0-301F-11D3-BF4B-00C04F79EFBC}") = "ConsoleUI.Sample", "ConsoleUI.Sample\ConsoleUI.Sample.csproj", "{CC9CB269-F058-4138-B1B0-0E033C1D35A0}"
EndProject
Global
	GlobalSection(SolutionConfigurationPlatforms) = preSolution
		Debug|Any CPU = Debug|Any CPU
		Release|Any CPU = Release|Any CPU
	EndGlobalSection
	GlobalSection(ProjectConfigurationPlatforms) = postSolution
		{21C620DE-D118-4691-B269-3FEB2E3CF903}.Debug|Any CPU.ActiveCfg = Debug|Any CPU
		{21C620DE-D118-4691-B269-3FEB2E3CF903}.Debug|Any CPU.Build.0 = Debug|Any CPU
		{21C620DE-D118-4691-B269-3FEB2E3CF903}.Release|Any CPU.ActiveCfg = Release|Any CPU
		{21C620DE-D118-4691-B269-3FEB2E3CF903}.Release|Any CPU.Build.0 = Release|Any CPU
		{CC9CB269-F058-4138-B1B0-0E033C1D35A0}.Debug|Any CPU.ActiveCfg = Debug|Any CPU
		{CC9CB269-F058-4138-B1B0-0E033C1D35A0}.Debug|Any CPU.Build.0 = Debug|Any CPU
		{CC9CB269-F058-4138-B1B0-0E033C1D35A0}.Release|Any CPU.ActiveCfg = Release|Any CPU
		{CC9CB269-F058-4138-B1B0-0E033C1D35A0}.Release|Any CPU.Build.0 = Release|Any CPU
	EndGlobalSection
EndGlobal
